
Microsoft Visual Studio Solution File, Format Version 12.00
# Visual Studio Version 17
VisualStudioVersion = 17.3.32819.101
MinimumVisualStudioVersion = 10.0.40219.1
Project("{FAE04EC0-301F-11D3-BF4B-00C04F79EFBC}") = "LAB 9", "LAB 9\LAB 9.csproj", "{C66F7EF3-DAA6-4CC5-B2A0-BAEF35402179}"
EndProject
Global
	GlobalSection(SolutionConfigurationPlatforms) = preSolution
		Debug|Any CPU = Debug|Any CPU
		Release|Any CPU = Release|Any CPU
	EndGlobalSection
	GlobalSection(ProjectConfigurationPlatforms) = postSolution
		{C66F7EF3-DAA6-4CC5-B2A0-BAEF35402179}.Debug|Any CPU.ActiveCfg = Debug|Any CPU
		{C66F7EF3-DAA6-4CC5-B2A0-BAEF35402179}.Debug|Any CPU.Build.0 = Debug|Any CPU
		{C66F7EF3-DAA6-4CC5-B2A0-BAEF35402179}.Release|Any CPU.ActiveCfg = Release|Any CPU
		{C66F7EF3-DAA6-4CC5-B2A0-BAEF35402179}.Release|Any CPU.Build.0 = Release|Any CPU
	EndGlobalSection
	GlobalSection(SolutionProperties) = preSolution
		HideSolutionNode = FALSE
	EndGlobalSection
	GlobalSection(ExtensibilityGlobals) = postSolution
		SolutionGuid = {725F3A7A-919D-4132-B271-BFA2CBCCBA20}
	EndGlobalSection
EndGlobal
